// !$*UTF8*$!
{
	archiveVersion = 1;
	classes = {
	};
	objectVersion = 50;
	objects = {

/* Begin PBXBuildFile section */
		D6274DC425EA809D00B09220 /* AppDelegate.swift in Sources */ = {isa = PBXBuildFile; fileRef = D6274DC325EA809D00B09220 /* AppDelegate.swift */; };
		D6274DC625EA809D00B09220 /* SceneDelegate.swift in Sources */ = {isa = PBXBuildFile; fileRef = D6274DC525EA809D00B09220 /* SceneDelegate.swift */; };
		D6274DC825EA809D00B09220 /* MainTabBarController.swift in Sources */ = {isa = PBXBuildFile; fileRef = D6274DC725EA809D00B09220 /* MainTabBarController.swift */; };
		D6274DCB25EA809D00B09220 /* Main.storyboard in Resources */ = {isa = PBXBuildFile; fileRef = D6274DC925EA809D00B09220 /* Main.storyboard */; };
		D6274DCD25EA809F00B09220 /* Assets.xcassets in Resources */ = {isa = PBXBuildFile; fileRef = D6274DCC25EA809F00B09220 /* Assets.xcassets */; };
		D6274DD025EA809F00B09220 /* LaunchScreen.storyboard in Resources */ = {isa = PBXBuildFile; fileRef = D6274DCE25EA809F00B09220 /* LaunchScreen.storyboard */; };
		D6274DDB25EA80A000B09220 /* WeatherLiteTests.swift in Sources */ = {isa = PBXBuildFile; fileRef = D6274DDA25EA80A000B09220 /* WeatherLiteTests.swift */; };
		D6274DE625EA80A000B09220 /* WeatherLiteUITests.swift in Sources */ = {isa = PBXBuildFile; fileRef = D6274DE525EA80A000B09220 /* WeatherLiteUITests.swift */; };
		D6288CF325EBEF00001D5C7B /* WeatherAPI-Info.plist in Resources */ = {isa = PBXBuildFile; fileRef = D6288CF225EBEF00001D5C7B /* WeatherAPI-Info.plist */; };
		D6288CFB25EBEF7C001D5C7B /* MainAPIData.swift in Sources */ = {isa = PBXBuildFile; fileRef = D6288CFA25EBEF7C001D5C7B /* MainAPIData.swift */; };
		D6288D0025EBF17E001D5C7B /* NetworkEngine.swift in Sources */ = {isa = PBXBuildFile; fileRef = D6288CFF25EBF17E001D5C7B /* NetworkEngine.swift */; };
		D6288D0525EBF193001D5C7B /* DataLoader.swift in Sources */ = {isa = PBXBuildFile; fileRef = D6288D0425EBF193001D5C7B /* DataLoader.swift */; };
		D6288D0A25EBF1C4001D5C7B /* URLSession+FetchData.swift in Sources */ = {isa = PBXBuildFile; fileRef = D6288D0925EBF1C4001D5C7B /* URLSession+FetchData.swift */; };
		D6288D0F25EBF1E5001D5C7B /* URLBuilder.swift in Sources */ = {isa = PBXBuildFile; fileRef = D6288D0E25EBF1E5001D5C7B /* URLBuilder.swift */; };
		D6288D1425EC00B2001D5C7B /* DayForecastPresenter.swift in Sources */ = {isa = PBXBuildFile; fileRef = D6288D1325EC00B2001D5C7B /* DayForecastPresenter.swift */; };
		D64D548E25ED4FE100B5577E /* LocationManager.swift in Sources */ = {isa = PBXBuildFile; fileRef = D64D548D25ED4FE100B5577E /* LocationManager.swift */; };
		D64D549625ED50E400B5577E /* Date+TransformToString.swift in Sources */ = {isa = PBXBuildFile; fileRef = D64D549525ED50E400B5577E /* Date+TransformToString.swift */; };
		D64D549F25ED512000B5577E /* MainJSONDataModel.swift in Sources */ = {isa = PBXBuildFile; fileRef = D64D549E25ED512000B5577E /* MainJSONDataModel.swift */; };
		D64D54A725ED515800B5577E /* CurrentWeatherJSONModel.swift in Sources */ = {isa = PBXBuildFile; fileRef = D64D54A625ED515800B5577E /* CurrentWeatherJSONModel.swift */; };
		D64D54B225ED519A00B5577E /* WeatherDescriptionJSONModel.swift in Sources */ = {isa = PBXBuildFile; fileRef = D64D54B125ED519A00B5577E /* WeatherDescriptionJSONModel.swift */; };
		D64D54B725ED544C00B5577E /* precipitationJSONModel.swift in Sources */ = {isa = PBXBuildFile; fileRef = D64D54B625ED544C00B5577E /* precipitationJSONModel.swift */; };
		D64D54BF25ED54DD00B5577E /* CurrentWeatherDetailsJSONModel.swift in Sources */ = {isa = PBXBuildFile; fileRef = D64D54BE25ED54DD00B5577E /* CurrentWeatherDetailsJSONModel.swift */; };
		D64D54C525ED562200B5577E /* DayWeatherDTO.swift in Sources */ = {isa = PBXBuildFile; fileRef = D64D54C425ED562200B5577E /* DayWeatherDTO.swift */; };
		D64D54CC25ED565A00B5577E /* DayForecastViewDelegate.swift in Sources */ = {isa = PBXBuildFile; fileRef = D64D54CB25ED565A00B5577E /* DayForecastViewDelegate.swift */; };
		D64D54D125ED566C00B5577E /* WeatherPresenterProtocol.swift in Sources */ = {isa = PBXBuildFile; fileRef = D64D54D025ED566C00B5577E /* WeatherPresenterProtocol.swift */; };
		D64D54D925ED616500B5577E /* CurrentLocationManager.swift in Sources */ = {isa = PBXBuildFile; fileRef = D64D54D825ED616500B5577E /* CurrentLocationManager.swift */; };
		D64D54E325ED6BA000B5577E /* CurrentLocationProtocol.swift in Sources */ = {isa = PBXBuildFile; fileRef = D64D54E225ED6BA000B5577E /* CurrentLocationProtocol.swift */; };
		D64D54E825ED6C1800B5577E /* CLGeocoder+LocationNameEngine.swift in Sources */ = {isa = PBXBuildFile; fileRef = D64D54E725ED6C1800B5577E /* CLGeocoder+LocationNameEngine.swift */; };
		D64D54ED25ED6C3F00B5577E /* LocationEngine.swift in Sources */ = {isa = PBXBuildFile; fileRef = D64D54EC25ED6C3F00B5577E /* LocationEngine.swift */; };
		D64D54F325ED6C9B00B5577E /* URLSupportable.swift in Sources */ = {isa = PBXBuildFile; fileRef = D64D54F225ED6C9B00B5577E /* URLSupportable.swift */; };
		D64D54FB25ED712F00B5577E /* HourlyForecastPresenter.swift in Sources */ = {isa = PBXBuildFile; fileRef = D64D54FA25ED712F00B5577E /* HourlyForecastPresenter.swift */; };
		D64D550325ED716600B5577E /* HourlyWeatherPresenterProtocol.swift in Sources */ = {isa = PBXBuildFile; fileRef = D64D550225ED716600B5577E /* HourlyWeatherPresenterProtocol.swift */; };
		D64D550825ED719400B5577E /* HourlyForecastViewDelegate.swift in Sources */ = {isa = PBXBuildFile; fileRef = D64D550725ED719400B5577E /* HourlyForecastViewDelegate.swift */; };
		D64D550D25ED71CF00B5577E /* HourlyWeatherDTO.swift in Sources */ = {isa = PBXBuildFile; fileRef = D64D550C25ED71CF00B5577E /* HourlyWeatherDTO.swift */; };
		D66A9BEB25EEC1E900174ED9 /* HourlyTableViewCellModel.swift in Sources */ = {isa = PBXBuildFile; fileRef = D66A9BEA25EEC1E900174ED9 /* HourlyTableViewCellModel.swift */; };
		D6B9385925EFF8AD0025E6E2 /* Int+TransformToDate.swift in Sources */ = {isa = PBXBuildFile; fileRef = D6B9385825EFF8AD0025E6E2 /* Int+TransformToDate.swift */; };
		D6B9385E25F00E090025E6E2 /* Array+Unique.swift in Sources */ = {isa = PBXBuildFile; fileRef = D6B9385D25F00E090025E6E2 /* Array+Unique.swift */; };
		D6B9386325F00E310025E6E2 /* DaySectionDTO.swift in Sources */ = {isa = PBXBuildFile; fileRef = D6B9386225F00E310025E6E2 /* DaySectionDTO.swift */; };
		D6B9386825F012F60025E6E2 /* HourlyTableViewSectionCellModel.swift in Sources */ = {isa = PBXBuildFile; fileRef = D6B9386725F012F60025E6E2 /* HourlyTableViewSectionCellModel.swift */; };
		D6E23E7225EAA2B100E94C69 /* DayForecastViewController.swift in Sources */ = {isa = PBXBuildFile; fileRef = D6E23E7125EAA2B100E94C69 /* DayForecastViewController.swift */; };
		D6E23E7A25EAA2C000E94C69 /* HourlyForecastViewController.swift in Sources */ = {isa = PBXBuildFile; fileRef = D6E23E7925EAA2C000E94C69 /* HourlyForecastViewController.swift */; };
		D6E23E8025EAA32300E94C69 /* UITabBarController+CreateNavigationController.swift in Sources */ = {isa = PBXBuildFile; fileRef = D6E23E7F25EAA32300E94C69 /* UITabBarController+CreateNavigationController.swift */; };
		D6E23E8925EAC11F00E94C69 /* HourlyTableViewCell.swift in Sources */ = {isa = PBXBuildFile; fileRef = D6E23E8825EAC11F00E94C69 /* HourlyTableViewCell.swift */; };
		D6E23E9125EAC48700E94C69 /* UIVIew+AddSubviews.swift in Sources */ = {isa = PBXBuildFile; fileRef = D6E23E9025EAC48700E94C69 /* UIVIew+AddSubviews.swift */; };
		D6E23E9625EAD07700E94C69 /* SectionTableViewCell.swift in Sources */ = {isa = PBXBuildFile; fileRef = D6E23E9525EAD07700E94C69 /* SectionTableViewCell.swift */; };
/* End PBXBuildFile section */

/* Begin PBXContainerItemProxy section */
		D6274DD725EA80A000B09220 /* PBXContainerItemProxy */ = {
			isa = PBXContainerItemProxy;
			containerPortal = D6274DB825EA809D00B09220 /* Project object */;
			proxyType = 1;
			remoteGlobalIDString = D6274DBF25EA809D00B09220;
			remoteInfo = WeatherLite;
		};
		D6274DE225EA80A000B09220 /* PBXContainerItemProxy */ = {
			isa = PBXContainerItemProxy;
			containerPortal = D6274DB825EA809D00B09220 /* Project object */;
			proxyType = 1;
			remoteGlobalIDString = D6274DBF25EA809D00B09220;
			remoteInfo = WeatherLite;
		};
/* End PBXContainerItemProxy section */

/* Begin PBXFileReference section */
		D6274DC025EA809D00B09220 /* WeatherLite.app */ = {isa = PBXFileReference; explicitFileType = wrapper.application; includeInIndex = 0; path = WeatherLite.app; sourceTree = BUILT_PRODUCTS_DIR; };
		D6274DC325EA809D00B09220 /* AppDelegate.swift */ = {isa = PBXFileReference; lastKnownFileType = sourcecode.swift; path = AppDelegate.swift; sourceTree = "<group>"; };
		D6274DC525EA809D00B09220 /* SceneDelegate.swift */ = {isa = PBXFileReference; lastKnownFileType = sourcecode.swift; path = SceneDelegate.swift; sourceTree = "<group>"; };
		D6274DC725EA809D00B09220 /* MainTabBarController.swift */ = {isa = PBXFileReference; lastKnownFileType = sourcecode.swift; path = MainTabBarController.swift; sourceTree = "<group>"; };
		D6274DCA25EA809D00B09220 /* Base */ = {isa = PBXFileReference; lastKnownFileType = file.storyboard; name = Base; path = Base.lproj/Main.storyboard; sourceTree = "<group>"; };
		D6274DCC25EA809F00B09220 /* Assets.xcassets */ = {isa = PBXFileReference; lastKnownFileType = folder.assetcatalog; path = Assets.xcassets; sourceTree = "<group>"; };
		D6274DCF25EA809F00B09220 /* Base */ = {isa = PBXFileReference; lastKnownFileType = file.storyboard; name = Base; path = Base.lproj/LaunchScreen.storyboard; sourceTree = "<group>"; };
		D6274DD125EA809F00B09220 /* Info.plist */ = {isa = PBXFileReference; lastKnownFileType = text.plist.xml; path = Info.plist; sourceTree = "<group>"; };
		D6274DD625EA80A000B09220 /* WeatherLiteTests.xctest */ = {isa = PBXFileReference; explicitFileType = wrapper.cfbundle; includeInIndex = 0; path = WeatherLiteTests.xctest; sourceTree = BUILT_PRODUCTS_DIR; };
		D6274DDA25EA80A000B09220 /* WeatherLiteTests.swift */ = {isa = PBXFileReference; lastKnownFileType = sourcecode.swift; path = WeatherLiteTests.swift; sourceTree = "<group>"; };
		D6274DDC25EA80A000B09220 /* Info.plist */ = {isa = PBXFileReference; lastKnownFileType = text.plist.xml; path = Info.plist; sourceTree = "<group>"; };
		D6274DE125EA80A000B09220 /* WeatherLiteUITests.xctest */ = {isa = PBXFileReference; explicitFileType = wrapper.cfbundle; includeInIndex = 0; path = WeatherLiteUITests.xctest; sourceTree = BUILT_PRODUCTS_DIR; };
		D6274DE525EA80A000B09220 /* WeatherLiteUITests.swift */ = {isa = PBXFileReference; lastKnownFileType = sourcecode.swift; path = WeatherLiteUITests.swift; sourceTree = "<group>"; };
		D6274DE725EA80A000B09220 /* Info.plist */ = {isa = PBXFileReference; lastKnownFileType = text.plist.xml; path = Info.plist; sourceTree = "<group>"; };
		D6288CF225EBEF00001D5C7B /* WeatherAPI-Info.plist */ = {isa = PBXFileReference; lastKnownFileType = text.plist.xml; path = "WeatherAPI-Info.plist"; sourceTree = "<group>"; };
		D6288CFA25EBEF7C001D5C7B /* MainAPIData.swift */ = {isa = PBXFileReference; lastKnownFileType = sourcecode.swift; path = MainAPIData.swift; sourceTree = "<group>"; };
		D6288CFF25EBF17E001D5C7B /* NetworkEngine.swift */ = {isa = PBXFileReference; lastKnownFileType = sourcecode.swift; path = NetworkEngine.swift; sourceTree = "<group>"; };
		D6288D0425EBF193001D5C7B /* DataLoader.swift */ = {isa = PBXFileReference; lastKnownFileType = sourcecode.swift; path = DataLoader.swift; sourceTree = "<group>"; };
		D6288D0925EBF1C4001D5C7B /* URLSession+FetchData.swift */ = {isa = PBXFileReference; lastKnownFileType = sourcecode.swift; path = "URLSession+FetchData.swift"; sourceTree = "<group>"; };
		D6288D0E25EBF1E5001D5C7B /* URLBuilder.swift */ = {isa = PBXFileReference; lastKnownFileType = sourcecode.swift; path = URLBuilder.swift; sourceTree = "<group>"; };
		D6288D1325EC00B2001D5C7B /* DayForecastPresenter.swift */ = {isa = PBXFileReference; lastKnownFileType = sourcecode.swift; path = DayForecastPresenter.swift; sourceTree = "<group>"; };
		D64D548D25ED4FE100B5577E /* LocationManager.swift */ = {isa = PBXFileReference; lastKnownFileType = sourcecode.swift; path = LocationManager.swift; sourceTree = "<group>"; };
		D64D549525ED50E400B5577E /* Date+TransformToString.swift */ = {isa = PBXFileReference; lastKnownFileType = sourcecode.swift; path = "Date+TransformToString.swift"; sourceTree = "<group>"; };
		D64D549E25ED512000B5577E /* MainJSONDataModel.swift */ = {isa = PBXFileReference; lastKnownFileType = sourcecode.swift; path = MainJSONDataModel.swift; sourceTree = "<group>"; };
		D64D54A625ED515800B5577E /* CurrentWeatherJSONModel.swift */ = {isa = PBXFileReference; lastKnownFileType = sourcecode.swift; path = CurrentWeatherJSONModel.swift; sourceTree = "<group>"; };
		D64D54B125ED519A00B5577E /* WeatherDescriptionJSONModel.swift */ = {isa = PBXFileReference; lastKnownFileType = sourcecode.swift; path = WeatherDescriptionJSONModel.swift; sourceTree = "<group>"; };
		D64D54B625ED544C00B5577E /* precipitationJSONModel.swift */ = {isa = PBXFileReference; lastKnownFileType = sourcecode.swift; path = precipitationJSONModel.swift; sourceTree = "<group>"; };
		D64D54BE25ED54DD00B5577E /* CurrentWeatherDetailsJSONModel.swift */ = {isa = PBXFileReference; lastKnownFileType = sourcecode.swift; path = CurrentWeatherDetailsJSONModel.swift; sourceTree = "<group>"; };
		D64D54C425ED562200B5577E /* DayWeatherDTO.swift */ = {isa = PBXFileReference; lastKnownFileType = sourcecode.swift; path = DayWeatherDTO.swift; sourceTree = "<group>"; };
		D64D54CB25ED565A00B5577E /* DayForecastViewDelegate.swift */ = {isa = PBXFileReference; lastKnownFileType = sourcecode.swift; path = DayForecastViewDelegate.swift; sourceTree = "<group>"; };
		D64D54D025ED566C00B5577E /* WeatherPresenterProtocol.swift */ = {isa = PBXFileReference; lastKnownFileType = sourcecode.swift; path = WeatherPresenterProtocol.swift; sourceTree = "<group>"; };
		D64D54D825ED616500B5577E /* CurrentLocationManager.swift */ = {isa = PBXFileReference; lastKnownFileType = sourcecode.swift; path = CurrentLocationManager.swift; sourceTree = "<group>"; };
		D64D54E225ED6BA000B5577E /* CurrentLocationProtocol.swift */ = {isa = PBXFileReference; lastKnownFileType = sourcecode.swift; path = CurrentLocationProtocol.swift; sourceTree = "<group>"; };
		D64D54E725ED6C1800B5577E /* CLGeocoder+LocationNameEngine.swift */ = {isa = PBXFileReference; lastKnownFileType = sourcecode.swift; path = "CLGeocoder+LocationNameEngine.swift"; sourceTree = "<group>"; };
		D64D54EC25ED6C3F00B5577E /* LocationEngine.swift */ = {isa = PBXFileReference; lastKnownFileType = sourcecode.swift; path = LocationEngine.swift; sourceTree = "<group>"; };
		D64D54F225ED6C9B00B5577E /* URLSupportable.swift */ = {isa = PBXFileReference; lastKnownFileType = sourcecode.swift; path = URLSupportable.swift; sourceTree = "<group>"; };
		D64D54FA25ED712F00B5577E /* HourlyForecastPresenter.swift */ = {isa = PBXFileReference; lastKnownFileType = sourcecode.swift; path = HourlyForecastPresenter.swift; sourceTree = "<group>"; };
		D64D550225ED716600B5577E /* HourlyWeatherPresenterProtocol.swift */ = {isa = PBXFileReference; lastKnownFileType = sourcecode.swift; path = HourlyWeatherPresenterProtocol.swift; sourceTree = "<group>"; };
		D64D550725ED719400B5577E /* HourlyForecastViewDelegate.swift */ = {isa = PBXFileReference; lastKnownFileType = sourcecode.swift; path = HourlyForecastViewDelegate.swift; sourceTree = "<group>"; };
		D64D550C25ED71CF00B5577E /* HourlyWeatherDTO.swift */ = {isa = PBXFileReference; lastKnownFileType = sourcecode.swift; path = HourlyWeatherDTO.swift; sourceTree = "<group>"; };
		D66A9BEA25EEC1E900174ED9 /* HourlyTableViewCellModel.swift */ = {isa = PBXFileReference; lastKnownFileType = sourcecode.swift; path = HourlyTableViewCellModel.swift; sourceTree = "<group>"; };
		D6B9385825EFF8AD0025E6E2 /* Int+TransformToDate.swift */ = {isa = PBXFileReference; lastKnownFileType = sourcecode.swift; path = "Int+TransformToDate.swift"; sourceTree = "<group>"; };
		D6B9385D25F00E090025E6E2 /* Array+Unique.swift */ = {isa = PBXFileReference; lastKnownFileType = sourcecode.swift; path = "Array+Unique.swift"; sourceTree = "<group>"; };
		D6B9386225F00E310025E6E2 /* DaySectionDTO.swift */ = {isa = PBXFileReference; lastKnownFileType = sourcecode.swift; path = DaySectionDTO.swift; sourceTree = "<group>"; };
		D6B9386725F012F60025E6E2 /* HourlyTableViewSectionCellModel.swift */ = {isa = PBXFileReference; lastKnownFileType = sourcecode.swift; path = HourlyTableViewSectionCellModel.swift; sourceTree = "<group>"; };
		D6E23E7125EAA2B100E94C69 /* DayForecastViewController.swift */ = {isa = PBXFileReference; lastKnownFileType = sourcecode.swift; path = DayForecastViewController.swift; sourceTree = "<group>"; };
		D6E23E7925EAA2C000E94C69 /* HourlyForecastViewController.swift */ = {isa = PBXFileReference; lastKnownFileType = sourcecode.swift; path = HourlyForecastViewController.swift; sourceTree = "<group>"; };
		D6E23E7F25EAA32300E94C69 /* UITabBarController+CreateNavigationController.swift */ = {isa = PBXFileReference; lastKnownFileType = sourcecode.swift; path = "UITabBarController+CreateNavigationController.swift"; sourceTree = "<group>"; };
		D6E23E8825EAC11F00E94C69 /* HourlyTableViewCell.swift */ = {isa = PBXFileReference; lastKnownFileType = sourcecode.swift; path = HourlyTableViewCell.swift; sourceTree = "<group>"; };
		D6E23E9025EAC48700E94C69 /* UIVIew+AddSubviews.swift */ = {isa = PBXFileReference; lastKnownFileType = sourcecode.swift; path = "UIVIew+AddSubviews.swift"; sourceTree = "<group>"; };
		D6E23E9525EAD07700E94C69 /* SectionTableViewCell.swift */ = {isa = PBXFileReference; lastKnownFileType = sourcecode.swift; path = SectionTableViewCell.swift; sourceTree = "<group>"; };
/* End PBXFileReference section */

/* Begin PBXFrameworksBuildPhase section */
		D6274DBD25EA809D00B09220 /* Frameworks */ = {
			isa = PBXFrameworksBuildPhase;
			buildActionMask = 2147483647;
			files = (
			);
			runOnlyForDeploymentPostprocessing = 0;
		};
		D6274DD325EA80A000B09220 /* Frameworks */ = {
			isa = PBXFrameworksBuildPhase;
			buildActionMask = 2147483647;
			files = (
			);
			runOnlyForDeploymentPostprocessing = 0;
		};
		D6274DDE25EA80A000B09220 /* Frameworks */ = {
			isa = PBXFrameworksBuildPhase;
			buildActionMask = 2147483647;
			files = (
			);
			runOnlyForDeploymentPostprocessing = 0;
		};
/* End PBXFrameworksBuildPhase section */

/* Begin PBXGroup section */
		D6274DB725EA809D00B09220 = {
			isa = PBXGroup;
			children = (
				D64D549D25ED510900B5577E /* JSONModels */,
				D64D54DD25ED6B5300B5577E /* NetworkManager */,
				D64D548C25ED4FCA00B5577E /* LocationManager */,
				D6274DC225EA809D00B09220 /* WeatherLite */,
				D6274DD925EA80A000B09220 /* WeatherLiteTests */,
				D6274DE425EA80A000B09220 /* WeatherLiteUITests */,
				D6274DC125EA809D00B09220 /* Products */,
			);
			sourceTree = "<group>";
		};
		D6274DC125EA809D00B09220 /* Products */ = {
			isa = PBXGroup;
			children = (
				D6274DC025EA809D00B09220 /* WeatherLite.app */,
				D6274DD625EA80A000B09220 /* WeatherLiteTests.xctest */,
				D6274DE125EA80A000B09220 /* WeatherLiteUITests.xctest */,
			);
			name = Products;
			sourceTree = "<group>";
		};
		D6274DC225EA809D00B09220 /* WeatherLite */ = {
			isa = PBXGroup;
			children = (
				D64D54C925ED563400B5577E /* Presenter */,
				D6E23E7E25EAA2F800E94C69 /* Extensions */,
				D6E23E7025EAA29100E94C69 /* Views */,
				D6274DC325EA809D00B09220 /* AppDelegate.swift */,
				D6274DC525EA809D00B09220 /* SceneDelegate.swift */,
				D6274DC925EA809D00B09220 /* Main.storyboard */,
				D6274DCC25EA809F00B09220 /* Assets.xcassets */,
				D6274DCE25EA809F00B09220 /* LaunchScreen.storyboard */,
				D6274DD125EA809F00B09220 /* Info.plist */,
				D6288CF225EBEF00001D5C7B /* WeatherAPI-Info.plist */,
			);
			path = WeatherLite;
			sourceTree = "<group>";
		};
		D6274DD925EA80A000B09220 /* WeatherLiteTests */ = {
			isa = PBXGroup;
			children = (
				D6274DDA25EA80A000B09220 /* WeatherLiteTests.swift */,
				D6274DDC25EA80A000B09220 /* Info.plist */,
			);
			path = WeatherLiteTests;
			sourceTree = "<group>";
		};
		D6274DE425EA80A000B09220 /* WeatherLiteUITests */ = {
			isa = PBXGroup;
			children = (
				D6274DE525EA80A000B09220 /* WeatherLiteUITests.swift */,
				D6274DE725EA80A000B09220 /* Info.plist */,
			);
			path = WeatherLiteUITests;
			sourceTree = "<group>";
		};
		D64D548C25ED4FCA00B5577E /* LocationManager */ = {
			isa = PBXGroup;
			children = (
				D64D54DE25ED6B9000B5577E /* Protocols */,
				D64D548D25ED4FE100B5577E /* LocationManager.swift */,
				D64D54D825ED616500B5577E /* CurrentLocationManager.swift */,
			);
			path = LocationManager;
			sourceTree = "<group>";
		};
		D64D549D25ED510900B5577E /* JSONModels */ = {
			isa = PBXGroup;
			children = (
				D64D549E25ED512000B5577E /* MainJSONDataModel.swift */,
				D64D54A625ED515800B5577E /* CurrentWeatherJSONModel.swift */,
				D64D54B125ED519A00B5577E /* WeatherDescriptionJSONModel.swift */,
				D64D54B625ED544C00B5577E /* precipitationJSONModel.swift */,
				D64D54BE25ED54DD00B5577E /* CurrentWeatherDetailsJSONModel.swift */,
			);
			path = JSONModels;
			sourceTree = "<group>";
		};
		D64D54C325ED561100B5577E /* DTOObjects */ = {
			isa = PBXGroup;
			children = (
				D64D54C425ED562200B5577E /* DayWeatherDTO.swift */,
				D64D550C25ED71CF00B5577E /* HourlyWeatherDTO.swift */,
				D6B9386225F00E310025E6E2 /* DaySectionDTO.swift */,
			);
			path = DTOObjects;
			sourceTree = "<group>";
		};
		D64D54C925ED563400B5577E /* Presenter */ = {
			isa = PBXGroup;
			children = (
				D64D54CA25ED564200B5577E /* Protocols */,
				D6288D1325EC00B2001D5C7B /* DayForecastPresenter.swift */,
				D64D54FA25ED712F00B5577E /* HourlyForecastPresenter.swift */,
			);
			path = Presenter;
			sourceTree = "<group>";
		};
		D64D54CA25ED564200B5577E /* Protocols */ = {
			isa = PBXGroup;
			children = (
				D64D54CB25ED565A00B5577E /* DayForecastViewDelegate.swift */,
				D64D54D025ED566C00B5577E /* WeatherPresenterProtocol.swift */,
				D64D550225ED716600B5577E /* HourlyWeatherPresenterProtocol.swift */,
				D64D550725ED719400B5577E /* HourlyForecastViewDelegate.swift */,
			);
			path = Protocols;
			sourceTree = "<group>";
		};
		D64D54DD25ED6B5300B5577E /* NetworkManager */ = {
			isa = PBXGroup;
			children = (
				D64D54F125ED6C8D00B5577E /* Protocols */,
				D6288D0E25EBF1E5001D5C7B /* URLBuilder.swift */,
				D6288CFA25EBEF7C001D5C7B /* MainAPIData.swift */,
				D6288D0425EBF193001D5C7B /* DataLoader.swift */,
			);
			path = NetworkManager;
			sourceTree = "<group>";
		};
		D64D54DE25ED6B9000B5577E /* Protocols */ = {
			isa = PBXGroup;
			children = (
				D64D54E225ED6BA000B5577E /* CurrentLocationProtocol.swift */,
				D64D54EC25ED6C3F00B5577E /* LocationEngine.swift */,
			);
			path = Protocols;
			sourceTree = "<group>";
		};
		D64D54F125ED6C8D00B5577E /* Protocols */ = {
			isa = PBXGroup;
			children = (
				D64D54F225ED6C9B00B5577E /* URLSupportable.swift */,
				D6288CFF25EBF17E001D5C7B /* NetworkEngine.swift */,
			);
			path = Protocols;
			sourceTree = "<group>";
		};
		D66A9BE925EEC1C700174ED9 /* CellModels */ = {
			isa = PBXGroup;
			children = (
				D66A9BEA25EEC1E900174ED9 /* HourlyTableViewCellModel.swift */,
				D6B9386725F012F60025E6E2 /* HourlyTableViewSectionCellModel.swift */,
			);
			path = CellModels;
			sourceTree = "<group>";
		};
		D6E23E7025EAA29100E94C69 /* Views */ = {
			isa = PBXGroup;
			children = (
				D66A9BE925EEC1C700174ED9 /* CellModels */,
				D64D54C325ED561100B5577E /* DTOObjects */,
				D6E23E8725EAC0E500E94C69 /* HourlyTableViewCells */,
				D6274DC725EA809D00B09220 /* MainTabBarController.swift */,
				D6E23E7125EAA2B100E94C69 /* DayForecastViewController.swift */,
				D6E23E7925EAA2C000E94C69 /* HourlyForecastViewController.swift */,
			);
			path = Views;
			sourceTree = "<group>";
		};
		D6E23E7E25EAA2F800E94C69 /* Extensions */ = {
			isa = PBXGroup;
			children = (
				D6E23E7F25EAA32300E94C69 /* UITabBarController+CreateNavigationController.swift */,
				D6E23E9025EAC48700E94C69 /* UIVIew+AddSubviews.swift */,
				D64D549525ED50E400B5577E /* Date+TransformToString.swift */,
				D6288D0925EBF1C4001D5C7B /* URLSession+FetchData.swift */,
				D64D54E725ED6C1800B5577E /* CLGeocoder+LocationNameEngine.swift */,
				D6B9385825EFF8AD0025E6E2 /* Int+TransformToDate.swift */,
				D6B9385D25F00E090025E6E2 /* Array+Unique.swift */,
			);
			path = Extensions;
			sourceTree = "<group>";
		};
		D6E23E8725EAC0E500E94C69 /* HourlyTableViewCells */ = {
			isa = PBXGroup;
			children = (
				D6E23E8825EAC11F00E94C69 /* HourlyTableViewCell.swift */,
				D6E23E9525EAD07700E94C69 /* SectionTableViewCell.swift */,
			);
			path = HourlyTableViewCells;
			sourceTree = "<group>";
		};
/* End PBXGroup section */

/* Begin PBXNativeTarget section */
		D6274DBF25EA809D00B09220 /* WeatherLite */ = {
			isa = PBXNativeTarget;
			buildConfigurationList = D6274DEA25EA80A000B09220 /* Build configuration list for PBXNativeTarget "WeatherLite" */;
			buildPhases = (
				D6274DBC25EA809D00B09220 /* Sources */,
				D6274DBD25EA809D00B09220 /* Frameworks */,
				D6274DBE25EA809D00B09220 /* Resources */,
			);
			buildRules = (
			);
			dependencies = (
			);
			name = WeatherLite;
			productName = WeatherLite;
			productReference = D6274DC025EA809D00B09220 /* WeatherLite.app */;
			productType = "com.apple.product-type.application";
		};
		D6274DD525EA80A000B09220 /* WeatherLiteTests */ = {
			isa = PBXNativeTarget;
			buildConfigurationList = D6274DED25EA80A000B09220 /* Build configuration list for PBXNativeTarget "WeatherLiteTests" */;
			buildPhases = (
				D6274DD225EA80A000B09220 /* Sources */,
				D6274DD325EA80A000B09220 /* Frameworks */,
				D6274DD425EA80A000B09220 /* Resources */,
			);
			buildRules = (
			);
			dependencies = (
				D6274DD825EA80A000B09220 /* PBXTargetDependency */,
			);
			name = WeatherLiteTests;
			productName = WeatherLiteTests;
			productReference = D6274DD625EA80A000B09220 /* WeatherLiteTests.xctest */;
			productType = "com.apple.product-type.bundle.unit-test";
		};
		D6274DE025EA80A000B09220 /* WeatherLiteUITests */ = {
			isa = PBXNativeTarget;
			buildConfigurationList = D6274DF025EA80A000B09220 /* Build configuration list for PBXNativeTarget "WeatherLiteUITests" */;
			buildPhases = (
				D6274DDD25EA80A000B09220 /* Sources */,
				D6274DDE25EA80A000B09220 /* Frameworks */,
				D6274DDF25EA80A000B09220 /* Resources */,
			);
			buildRules = (
			);
			dependencies = (
				D6274DE325EA80A000B09220 /* PBXTargetDependency */,
			);
			name = WeatherLiteUITests;
			productName = WeatherLiteUITests;
			productReference = D6274DE125EA80A000B09220 /* WeatherLiteUITests.xctest */;
			productType = "com.apple.product-type.bundle.ui-testing";
		};
/* End PBXNativeTarget section */

/* Begin PBXProject section */
		D6274DB825EA809D00B09220 /* Project object */ = {
			isa = PBXProject;
			attributes = {
				LastSwiftUpdateCheck = 1240;
				LastUpgradeCheck = 1240;
				TargetAttributes = {
					D6274DBF25EA809D00B09220 = {
						CreatedOnToolsVersion = 12.4;
					};
					D6274DD525EA80A000B09220 = {
						CreatedOnToolsVersion = 12.4;
						TestTargetID = D6274DBF25EA809D00B09220;
					};
					D6274DE025EA80A000B09220 = {
						CreatedOnToolsVersion = 12.4;
						TestTargetID = D6274DBF25EA809D00B09220;
					};
				};
			};
			buildConfigurationList = D6274DBB25EA809D00B09220 /* Build configuration list for PBXProject "WeatherLite" */;
			compatibilityVersion = "Xcode 9.3";
			developmentRegion = en;
			hasScannedForEncodings = 0;
			knownRegions = (
				en,
				Base,
			);
			mainGroup = D6274DB725EA809D00B09220;
			productRefGroup = D6274DC125EA809D00B09220 /* Products */;
			projectDirPath = "";
			projectRoot = "";
			targets = (
				D6274DBF25EA809D00B09220 /* WeatherLite */,
				D6274DD525EA80A000B09220 /* WeatherLiteTests */,
				D6274DE025EA80A000B09220 /* WeatherLiteUITests */,
			);
		};
/* End PBXProject section */

/* Begin PBXResourcesBuildPhase section */
		D6274DBE25EA809D00B09220 /* Resources */ = {
			isa = PBXResourcesBuildPhase;
			buildActionMask = 2147483647;
			files = (
				D6274DD025EA809F00B09220 /* LaunchScreen.storyboard in Resources */,
				D6274DCD25EA809F00B09220 /* Assets.xcassets in Resources */,
				D6288CF325EBEF00001D5C7B /* WeatherAPI-Info.plist in Resources */,
				D6274DCB25EA809D00B09220 /* Main.storyboard in Resources */,
			);
			runOnlyForDeploymentPostprocessing = 0;
		};
		D6274DD425EA80A000B09220 /* Resources */ = {
			isa = PBXResourcesBuildPhase;
			buildActionMask = 2147483647;
			files = (
			);
			runOnlyForDeploymentPostprocessing = 0;
		};
		D6274DDF25EA80A000B09220 /* Resources */ = {
			isa = PBXResourcesBuildPhase;
			buildActionMask = 2147483647;
			files = (
			);
			runOnlyForDeploymentPostprocessing = 0;
		};
/* End PBXResourcesBuildPhase section */

/* Begin PBXSourcesBuildPhase section */
		D6274DBC25EA809D00B09220 /* Sources */ = {
			isa = PBXSourcesBuildPhase;
			buildActionMask = 2147483647;
			files = (
				D6288D0025EBF17E001D5C7B /* NetworkEngine.swift in Sources */,
				D6288D0F25EBF1E5001D5C7B /* URLBuilder.swift in Sources */,
				D6288D0A25EBF1C4001D5C7B /* URLSession+FetchData.swift in Sources */,
				D64D54CC25ED565A00B5577E /* DayForecastViewDelegate.swift in Sources */,
				D64D54E825ED6C1800B5577E /* CLGeocoder+LocationNameEngine.swift in Sources */,
				D64D550D25ED71CF00B5577E /* HourlyWeatherDTO.swift in Sources */,
				D6E23E9125EAC48700E94C69 /* UIVIew+AddSubviews.swift in Sources */,
				D64D54D125ED566C00B5577E /* WeatherPresenterProtocol.swift in Sources */,
				D64D549625ED50E400B5577E /* Date+TransformToString.swift in Sources */,
				D64D550825ED719400B5577E /* HourlyForecastViewDelegate.swift in Sources */,
				D64D54C525ED562200B5577E /* DayWeatherDTO.swift in Sources */,
				D66A9BEB25EEC1E900174ED9 /* HourlyTableViewCellModel.swift in Sources */,
				D64D54F325ED6C9B00B5577E /* URLSupportable.swift in Sources */,
				D64D548E25ED4FE100B5577E /* LocationManager.swift in Sources */,
				D6B9386325F00E310025E6E2 /* DaySectionDTO.swift in Sources */,
				D6B9386825F012F60025E6E2 /* HourlyTableViewSectionCellModel.swift in Sources */,
				D6288CFB25EBEF7C001D5C7B /* MainAPIData.swift in Sources */,
				D6288D1425EC00B2001D5C7B /* DayForecastPresenter.swift in Sources */,
				D6B9385E25F00E090025E6E2 /* Array+Unique.swift in Sources */,
				D6274DC825EA809D00B09220 /* MainTabBarController.swift in Sources */,
				D64D54ED25ED6C3F00B5577E /* LocationEngine.swift in Sources */,
				D6274DC425EA809D00B09220 /* AppDelegate.swift in Sources */,
				D6E23E7225EAA2B100E94C69 /* DayForecastViewController.swift in Sources */,
				D64D54A725ED515800B5577E /* CurrentWeatherJSONModel.swift in Sources */,
				D6E23E8025EAA32300E94C69 /* UITabBarController+CreateNavigationController.swift in Sources */,
				D6274DC625EA809D00B09220 /* SceneDelegate.swift in Sources */,
				D64D549F25ED512000B5577E /* MainJSONDataModel.swift in Sources */,
				D64D54D925ED616500B5577E /* CurrentLocationManager.swift in Sources */,
				D64D54FB25ED712F00B5577E /* HourlyForecastPresenter.swift in Sources */,
				D6288D0525EBF193001D5C7B /* DataLoader.swift in Sources */,
				D64D54B725ED544C00B5577E /* precipitationJSONModel.swift in Sources */,
				D6E23E9625EAD07700E94C69 /* SectionTableViewCell.swift in Sources */,
				D64D54B225ED519A00B5577E /* WeatherDescriptionJSONModel.swift in Sources */,
				D64D54BF25ED54DD00B5577E /* CurrentWeatherDetailsJSONModel.swift in Sources */,
				D64D550325ED716600B5577E /* HourlyWeatherPresenterProtocol.swift in Sources */,
				D64D54E325ED6BA000B5577E /* CurrentLocationProtocol.swift in Sources */,
				D6E23E8925EAC11F00E94C69 /* HourlyTableViewCell.swift in Sources */,
				D6E23E7A25EAA2C000E94C69 /* HourlyForecastViewController.swift in Sources */,
				D6B9385925EFF8AD0025E6E2 /* Int+TransformToDate.swift in Sources */,
			);
			runOnlyForDeploymentPostprocessing = 0;
		};
		D6274DD225EA80A000B09220 /* Sources */ = {
			isa = PBXSourcesBuildPhase;
			buildActionMask = 2147483647;
			files = (
				D6274DDB25EA80A000B09220 /* WeatherLiteTests.swift in Sources */,
			);
			runOnlyForDeploymentPostprocessing = 0;
		};
		D6274DDD25EA80A000B09220 /* Sources */ = {
			isa = PBXSourcesBuildPhase;
			buildActionMask = 2147483647;
			files = (
				D6274DE625EA80A000B09220 /* WeatherLiteUITests.swift in Sources */,
			);
			runOnlyForDeploymentPostprocessing = 0;
		};
/* End PBXSourcesBuildPhase section */

/* Begin PBXTargetDependency section */
		D6274DD825EA80A000B09220 /* PBXTargetDependency */ = {
			isa = PBXTargetDependency;
			target = D6274DBF25EA809D00B09220 /* WeatherLite */;
			targetProxy = D6274DD725EA80A000B09220 /* PBXContainerItemProxy */;
		};
		D6274DE325EA80A000B09220 /* PBXTargetDependency */ = {
			isa = PBXTargetDependency;
			target = D6274DBF25EA809D00B09220 /* WeatherLite */;
			targetProxy = D6274DE225EA80A000B09220 /* PBXContainerItemProxy */;
		};
/* End PBXTargetDependency section */

/* Begin PBXVariantGroup section */
		D6274DC925EA809D00B09220 /* Main.storyboard */ = {
			isa = PBXVariantGroup;
			children = (
				D6274DCA25EA809D00B09220 /* Base */,
			);
			name = Main.storyboard;
			sourceTree = "<group>";
		};
		D6274DCE25EA809F00B09220 /* LaunchScreen.storyboard */ = {
			isa = PBXVariantGroup;
			children = (
				D6274DCF25EA809F00B09220 /* Base */,
			);
			name = LaunchScreen.storyboard;
			sourceTree = "<group>";
		};
/* End PBXVariantGroup section */

/* Begin XCBuildConfiguration section */
		D6274DE825EA80A000B09220 /* Debug */ = {
			isa = XCBuildConfiguration;
			buildSettings = {
				ALWAYS_SEARCH_USER_PATHS = NO;
				CLANG_ANALYZER_NONNULL = YES;
				CLANG_ANALYZER_NUMBER_OBJECT_CONVERSION = YES_AGGRESSIVE;
				CLANG_CXX_LANGUAGE_STANDARD = "gnu++14";
				CLANG_CXX_LIBRARY = "libc++";
				CLANG_ENABLE_MODULES = YES;
				CLANG_ENABLE_OBJC_ARC = YES;
				CLANG_ENABLE_OBJC_WEAK = YES;
				CLANG_WARN_BLOCK_CAPTURE_AUTORELEASING = YES;
				CLANG_WARN_BOOL_CONVERSION = YES;
				CLANG_WARN_COMMA = YES;
				CLANG_WARN_CONSTANT_CONVERSION = YES;
				CLANG_WARN_DEPRECATED_OBJC_IMPLEMENTATIONS = YES;
				CLANG_WARN_DIRECT_OBJC_ISA_USAGE = YES_ERROR;
				CLANG_WARN_DOCUMENTATION_COMMENTS = YES;
				CLANG_WARN_EMPTY_BODY = YES;
				CLANG_WARN_ENUM_CONVERSION = YES;
				CLANG_WARN_INFINITE_RECURSION = YES;
				CLANG_WARN_INT_CONVERSION = YES;
				CLANG_WARN_NON_LITERAL_NULL_CONVERSION = YES;
				CLANG_WARN_OBJC_IMPLICIT_RETAIN_SELF = YES;
				CLANG_WARN_OBJC_LITERAL_CONVERSION = YES;
				CLANG_WARN_OBJC_ROOT_CLASS = YES_ERROR;
				CLANG_WARN_QUOTED_INCLUDE_IN_FRAMEWORK_HEADER = YES;
				CLANG_WARN_RANGE_LOOP_ANALYSIS = YES;
				CLANG_WARN_STRICT_PROTOTYPES = YES;
				CLANG_WARN_SUSPICIOUS_MOVE = YES;
				CLANG_WARN_UNGUARDED_AVAILABILITY = YES_AGGRESSIVE;
				CLANG_WARN_UNREACHABLE_CODE = YES;
				CLANG_WARN__DUPLICATE_METHOD_MATCH = YES;
				COPY_PHASE_STRIP = NO;
				DEBUG_INFORMATION_FORMAT = dwarf;
				ENABLE_STRICT_OBJC_MSGSEND = YES;
				ENABLE_TESTABILITY = YES;
				GCC_C_LANGUAGE_STANDARD = gnu11;
				GCC_DYNAMIC_NO_PIC = NO;
				GCC_NO_COMMON_BLOCKS = YES;
				GCC_OPTIMIZATION_LEVEL = 0;
				GCC_PREPROCESSOR_DEFINITIONS = (
					"DEBUG=1",
					"$(inherited)",
				);
				GCC_WARN_64_TO_32_BIT_CONVERSION = YES;
				GCC_WARN_ABOUT_RETURN_TYPE = YES_ERROR;
				GCC_WARN_UNDECLARED_SELECTOR = YES;
				GCC_WARN_UNINITIALIZED_AUTOS = YES_AGGRESSIVE;
				GCC_WARN_UNUSED_FUNCTION = YES;
				GCC_WARN_UNUSED_VARIABLE = YES;
				IPHONEOS_DEPLOYMENT_TARGET = 14.4;
				MTL_ENABLE_DEBUG_INFO = INCLUDE_SOURCE;
				MTL_FAST_MATH = YES;
				ONLY_ACTIVE_ARCH = YES;
				SDKROOT = iphoneos;
				SWIFT_ACTIVE_COMPILATION_CONDITIONS = DEBUG;
				SWIFT_OPTIMIZATION_LEVEL = "-Onone";
			};
			name = Debug;
		};
		D6274DE925EA80A000B09220 /* Release */ = {
			isa = XCBuildConfiguration;
			buildSettings = {
				ALWAYS_SEARCH_USER_PATHS = NO;
				CLANG_ANALYZER_NONNULL = YES;
				CLANG_ANALYZER_NUMBER_OBJECT_CONVERSION = YES_AGGRESSIVE;
				CLANG_CXX_LANGUAGE_STANDARD = "gnu++14";
				CLANG_CXX_LIBRARY = "libc++";
				CLANG_ENABLE_MODULES = YES;
				CLANG_ENABLE_OBJC_ARC = YES;
				CLANG_ENABLE_OBJC_WEAK = YES;
				CLANG_WARN_BLOCK_CAPTURE_AUTORELEASING = YES;
				CLANG_WARN_BOOL_CONVERSION = YES;
				CLANG_WARN_COMMA = YES;
				CLANG_WARN_CONSTANT_CONVERSION = YES;
				CLANG_WARN_DEPRECATED_OBJC_IMPLEMENTATIONS = YES;
				CLANG_WARN_DIRECT_OBJC_ISA_USAGE = YES_ERROR;
				CLANG_WARN_DOCUMENTATION_COMMENTS = YES;
				CLANG_WARN_EMPTY_BODY = YES;
				CLANG_WARN_ENUM_CONVERSION = YES;
				CLANG_WARN_INFINITE_RECURSION = YES;
				CLANG_WARN_INT_CONVERSION = YES;
				CLANG_WARN_NON_LITERAL_NULL_CONVERSION = YES;
				CLANG_WARN_OBJC_IMPLICIT_RETAIN_SELF = YES;
				CLANG_WARN_OBJC_LITERAL_CONVERSION = YES;
				CLANG_WARN_OBJC_ROOT_CLASS = YES_ERROR;
				CLANG_WARN_QUOTED_INCLUDE_IN_FRAMEWORK_HEADER = YES;
				CLANG_WARN_RANGE_LOOP_ANALYSIS = YES;
				CLANG_WARN_STRICT_PROTOTYPES = YES;
				CLANG_WARN_SUSPICIOUS_MOVE = YES;
				CLANG_WARN_UNGUARDED_AVAILABILITY = YES_AGGRESSIVE;
				CLANG_WARN_UNREACHABLE_CODE = YES;
				CLANG_WARN__DUPLICATE_METHOD_MATCH = YES;
				COPY_PHASE_STRIP = NO;
				DEBUG_INFORMATION_FORMAT = "dwarf-with-dsym";
				ENABLE_NS_ASSERTIONS = NO;
				ENABLE_STRICT_OBJC_MSGSEND = YES;
				GCC_C_LANGUAGE_STANDARD = gnu11;
				GCC_NO_COMMON_BLOCKS = YES;
				GCC_WARN_64_TO_32_BIT_CONVERSION = YES;
				GCC_WARN_ABOUT_RETURN_TYPE = YES_ERROR;
				GCC_WARN_UNDECLARED_SELECTOR = YES;
				GCC_WARN_UNINITIALIZED_AUTOS = YES_AGGRESSIVE;
				GCC_WARN_UNUSED_FUNCTION = YES;
				GCC_WARN_UNUSED_VARIABLE = YES;
				IPHONEOS_DEPLOYMENT_TARGET = 14.4;
				MTL_ENABLE_DEBUG_INFO = NO;
				MTL_FAST_MATH = YES;
				SDKROOT = iphoneos;
				SWIFT_COMPILATION_MODE = wholemodule;
				SWIFT_OPTIMIZATION_LEVEL = "-O";
				VALIDATE_PRODUCT = YES;
			};
			name = Release;
		};
		D6274DEB25EA80A000B09220 /* Debug */ = {
			isa = XCBuildConfiguration;
			buildSettings = {
				ASSETCATALOG_COMPILER_APPICON_NAME = AppIcon;
				ASSETCATALOG_COMPILER_GLOBAL_ACCENT_COLOR_NAME = AccentColor;
				CODE_SIGN_STYLE = Automatic;
				DEVELOPMENT_TEAM = QKQMVYFNWM;
				INFOPLIST_FILE = WeatherLite/Info.plist;
				LD_RUNPATH_SEARCH_PATHS = (
					"$(inherited)",
					"@executable_path/Frameworks",
				);
				PRODUCT_BUNDLE_IDENTIFIER = com.ausianovich.WeatherLite;
				PRODUCT_NAME = "$(TARGET_NAME)";
				SWIFT_VERSION = 5.0;
				TARGETED_DEVICE_FAMILY = 1;
			};
			name = Debug;
		};
		D6274DEC25EA80A000B09220 /* Release */ = {
			isa = XCBuildConfiguration;
			buildSettings = {
				ASSETCATALOG_COMPILER_APPICON_NAME = AppIcon;
				ASSETCATALOG_COMPILER_GLOBAL_ACCENT_COLOR_NAME = AccentColor;
				CODE_SIGN_STYLE = Automatic;
				DEVELOPMENT_TEAM = QKQMVYFNWM;
				INFOPLIST_FILE = WeatherLite/Info.plist;
				LD_RUNPATH_SEARCH_PATHS = (
					"$(inherited)",
					"@executable_path/Frameworks",
				);
				PRODUCT_BUNDLE_IDENTIFIER = com.ausianovich.WeatherLite;
				PRODUCT_NAME = "$(TARGET_NAME)";
				SWIFT_VERSION = 5.0;
				TARGETED_DEVICE_FAMILY = 1;
			};
			name = Release;
		};
		D6274DEE25EA80A000B09220 /* Debug */ = {
			isa = XCBuildConfiguration;
			buildSettings = {
				ALWAYS_EMBED_SWIFT_STANDARD_LIBRARIES = YES;
				BUNDLE_LOADER = "$(TEST_HOST)";
				CODE_SIGN_STYLE = Automatic;
				DEVELOPMENT_TEAM = QKQMVYFNWM;
				INFOPLIST_FILE = WeatherLiteTests/Info.plist;
				IPHONEOS_DEPLOYMENT_TARGET = 14.4;
				LD_RUNPATH_SEARCH_PATHS = (
					"$(inherited)",
					"@executable_path/Frameworks",
					"@loader_path/Frameworks",
				);
				PRODUCT_BUNDLE_IDENTIFIER = com.ausianovich.WeatherLiteTests;
				PRODUCT_NAME = "$(TARGET_NAME)";
				SWIFT_VERSION = 5.0;
				TARGETED_DEVICE_FAMILY = "1,2";
				TEST_HOST = "$(BUILT_PRODUCTS_DIR)/WeatherLite.app/WeatherLite";
			};
			name = Debug;
		};
		D6274DEF25EA80A000B09220 /* Release */ = {
			isa = XCBuildConfiguration;
			buildSettings = {
				ALWAYS_EMBED_SWIFT_STANDARD_LIBRARIES = YES;
				BUNDLE_LOADER = "$(TEST_HOST)";
				CODE_SIGN_STYLE = Automatic;
				DEVELOPMENT_TEAM = QKQMVYFNWM;
				INFOPLIST_FILE = WeatherLiteTests/Info.plist;
				IPHONEOS_DEPLOYMENT_TARGET = 14.4;
				LD_RUNPATH_SEARCH_PATHS = (
					"$(inherited)",
					"@executable_path/Frameworks",
					"@loader_path/Frameworks",
				);
				PRODUCT_BUNDLE_IDENTIFIER = com.ausianovich.WeatherLiteTests;
				PRODUCT_NAME = "$(TARGET_NAME)";
				SWIFT_VERSION = 5.0;
				TARGETED_DEVICE_FAMILY = "1,2";
				TEST_HOST = "$(BUILT_PRODUCTS_DIR)/WeatherLite.app/WeatherLite";
			};
			name = Release;
		};
		D6274DF125EA80A000B09220 /* Debug */ = {
			isa = XCBuildConfiguration;
			buildSettings = {
				ALWAYS_EMBED_SWIFT_STANDARD_LIBRARIES = YES;
				CODE_SIGN_STYLE = Automatic;
				DEVELOPMENT_TEAM = QKQMVYFNWM;
				INFOPLIST_FILE = WeatherLiteUITests/Info.plist;
				LD_RUNPATH_SEARCH_PATHS = (
					"$(inherited)",
					"@executable_path/Frameworks",
					"@loader_path/Frameworks",
				);
				PRODUCT_BUNDLE_IDENTIFIER = com.ausianovich.WeatherLiteUITests;
				PRODUCT_NAME = "$(TARGET_NAME)";
				SWIFT_VERSION = 5.0;
				TARGETED_DEVICE_FAMILY = "1,2";
				TEST_TARGET_NAME = WeatherLite;
			};
			name = Debug;
		};
		D6274DF225EA80A000B09220 /* Release */ = {
			isa = XCBuildConfiguration;
			buildSettings = {
				ALWAYS_EMBED_SWIFT_STANDARD_LIBRARIES = YES;
				CODE_SIGN_STYLE = Automatic;
				DEVELOPMENT_TEAM = QKQMVYFNWM;
				INFOPLIST_FILE = WeatherLiteUITests/Info.plist;
				LD_RUNPATH_SEARCH_PATHS = (
					"$(inherited)",
					"@executable_path/Frameworks",
					"@loader_path/Frameworks",
				);
				PRODUCT_BUNDLE_IDENTIFIER = com.ausianovich.WeatherLiteUITests;
				PRODUCT_NAME = "$(TARGET_NAME)";
				SWIFT_VERSION = 5.0;
				TARGETED_DEVICE_FAMILY = "1,2";
				TEST_TARGET_NAME = WeatherLite;
			};
			name = Release;
		};
/* End XCBuildConfiguration section */

/* Begin XCConfigurationList section */
		D6274DBB25EA809D00B09220 /* Build configuration list for PBXProject "WeatherLite" */ = {
			isa = XCConfigurationList;
			buildConfigurations = (
				D6274DE825EA80A000B09220 /* Debug */,
				D6274DE925EA80A000B09220 /* Release */,
			);
			defaultConfigurationIsVisible = 0;
			defaultConfigurationName = Release;
		};
		D6274DEA25EA80A000B09220 /* Build configuration list for PBXNativeTarget "WeatherLite" */ = {
			isa = XCConfigurationList;
			buildConfigurations = (
				D6274DEB25EA80A000B09220 /* Debug */,
				D6274DEC25EA80A000B09220 /* Release */,
			);
			defaultConfigurationIsVisible = 0;
			defaultConfigurationName = Release;
		};
		D6274DED25EA80A000B09220 /* Build configuration list for PBXNativeTarget "WeatherLiteTests" */ = {
			isa = XCConfigurationList;
			buildConfigurations = (
				D6274DEE25EA80A000B09220 /* Debug */,
				D6274DEF25EA80A000B09220 /* Release */,
			);
			defaultConfigurationIsVisible = 0;
			defaultConfigurationName = Release;
		};
		D6274DF025EA80A000B09220 /* Build configuration list for PBXNativeTarget "WeatherLiteUITests" */ = {
			isa = XCConfigurationList;
			buildConfigurations = (
				D6274DF125EA80A000B09220 /* Debug */,
				D6274DF225EA80A000B09220 /* Release */,
			);
			defaultConfigurationIsVisible = 0;
			defaultConfigurationName = Release;
		};
/* End XCConfigurationList section */
	};
	rootObject = D6274DB825EA809D00B09220 /* Project object */;
}
